PODS:
  - Capacitor (6.2.0):
    - CapacitorCordova
  - CapacitorCordova (6.2.0)
  - CapacitorPushNotifications (6.0.4):
    - Capacitor

DEPENDENCIES:
  - "Capacitor (from `../../node_modules/@capacitor/ios`)"
  - "CapacitorCordova (from `../../node_modules/@capacitor/ios`)"
  - "CapacitorPushNotifications (from `../../node_modules/@capacitor/push-notifications`)"

EXTERNAL SOURCES:
  Capacitor:
    :path: "../../node_modules/@capacitor/ios"
  CapacitorCordova:
    :path: "../../node_modules/@capacitor/ios"
  CapacitorPushNotifications:
    :path: "../../node_modules/@capacitor/push-notifications"

SPEC CHECKSUMS:
  Capacitor: 1f3c7b9802d958cd8c4eb63895fff85dff2e1eea
  CapacitorCordova: b33e7f4aa4ed105dd43283acdd940964374a87d9
  CapacitorPushNotifications: 1889a49942a9090f595d15d6d7859e2a47ba004f

PODFILE CHECKSUM: e6af4d827bdda0a40f913e335e0078d489ad4bd4

COCOAPODS: 1.15.2
